#
# This file is autogenerated by pip-compile with Python 3.12
# by the following command:
#
#    pip-compile --output-file=requirements.lock --strip-extras requirements.txt
#
agate==1.9.1
    # via
    #   dbt-adapters
    #   dbt-common
    #   dbt-core
    #   dbt-postgres
aiohappyeyeballs==2.7.1
    # via aiohttp
aiohttp==3.14.3
    # via -r requirements.txt
aiosignal==1.4.0
    # via aiohttp
altair==6.2.2
    # via streamlit
annotated-doc==0.0.5
    # via
    #   fastapi
    #   typer
annotated-types==0.8.0
    # via pydantic
anyio==4.14.2
    # via
    #   httpx
    #   starlette
    #   streamlit
    #   watchfiles
attrs==26.1.0
    # via
    #   aiohttp
    #   jsonschema
    #   referencing
babel==2.18.0
    # via agate
beautifulsoup4==4.15.0
    # via -r requirements.txt
blinker==1.9.0
    # via streamlit
certifi==2026.7.22
    # via
    #   httpcore
    #   httpx
    #   requests
cffi==2.1.1
    # via cryptography
charset-normalizer==3.4.9
    # via requests
click==8.4.2
    # via
    #   dbt-core
    #   huggingface-hub
    #   streamlit
    #   uvicorn
colorama==0.4.6
    # via dbt-common
cryptography==50.0.0
    # via google-auth
daff==1.4.2
    # via dbt-core
dbt-adapters==1.24.5
    # via
    #   dbt-core
    #   dbt-postgres
dbt-common==1.38.0
    # via
    #   dbt-adapters
    #   dbt-core
    #   dbt-postgres
dbt-core==1.12.0
    # via
    #   -r requirements.txt
    #   dbt-postgres
dbt-core-experimental-parser==2.0.0a5
    # via dbt-core
dbt-extractor==0.6.0
    # via dbt-core
dbt-postgres==1.11.0
    # via -r requirements.txt
dbt-protos==1.0.541
    # via
    #   dbt-adapters
    #   dbt-common
    #   dbt-core
deepdiff==8.6.2
    # via dbt-common
deprecated==1.3.1
    # via limits
et-xmlfile==2.0.0
    # via openpyxl
fastapi==0.141.1
    # via -r requirements.txt
filelock==3.32.2
    # via
    #   huggingface-hub
    #   torch
frozenlist==1.8.0
    # via
    #   aiohttp
    #   aiosignal
fsspec==2026.7.0
    # via
    #   huggingface-hub
    #   torch
google-auth==2.56.3
    # via -r requirements.txt
h11==0.16.0
    # via
    #   httpcore
    #   uvicorn
hf-xet==1.6.0
    # via huggingface-hub
httpcore==1.0.9
    # via httpx
httptools==0.8.0
    # via
    #   streamlit
    #   uvicorn
httpx==0.28.1
    # via huggingface-hub
huggingface-hub==1.27.0
    # via
    #   sentence-transformers
    #   tokenizers
    #   transformers
idna==3.18
    # via
    #   anyio
    #   httpx
    #   requests
    #   yarl
importlib-metadata==9.0.0
    # via metricflow
isodate==0.7.2
    # via
    #   agate
    #   dbt-common
itsdangerous==2.2.0
    # via streamlit
jinja2==3.1.6
    # via
    #   altair
    #   dbt-common
    #   dbt-core
    #   metricflow
    #   pydeck
    #   torch
joblib==1.5.3
    # via scikit-learn
jsonschema==4.26.0
    # via
    #   altair
    #   dbt-common
    #   dbt-core
    #   metricflow
jsonschema-specifications==2025.9.1
    # via jsonschema
leather==0.4.1
    # via agate
limits==5.8.0
    # via slowapi
lxml==6.1.1
    # via
    #   -r requirements.txt
    #   python-docx
markdown-it-py==4.2.0
    # via rich
markupsafe==3.0.3
    # via jinja2
mashumaro==3.17
    # via
    #   dbt-adapters
    #   dbt-common
    #   dbt-core
mdurl==0.1.2
    # via markdown-it-py
metricflow==0.211.0
    # via dbt-core
more-itertools==10.8.0
    # via metricflow
mpmath==1.3.0
    # via sympy
msgpack==1.2.1
    # via mashumaro
multidict==6.7.1
    # via
    #   aiohttp
    #   yarl
narwhals==2.24.0
    # via
    #   altair
    #   plotly
    #   scikit-learn
networkx==3.6.1
    # via
    #   dbt-core
    #   torch
numpy==2.5.1
    # via
    #   -r requirements.txt
    #   pandas
    #   pydeck
    #   scikit-learn
    #   scipy
    #   sentence-transformers
    #   streamlit
    #   transformers
openpyxl==3.1.5
    # via -r requirements.txt
orderly-set==5.5.0
    # via deepdiff
packaging==26.3
    # via
    #   altair
    #   dbt-core
    #   huggingface-hub
    #   limits
    #   plotly
    #   streamlit
    #   transformers
pandas==3.0.5
    # via
    #   -r requirements.txt
    #   streamlit
parsedatetime==2.6
    # via agate
pathspec==1.0.4
    # via
    #   dbt-common
    #   dbt-core
pillow==12.3.0
    # via streamlit
plotly==6.9.0
    # via -r requirements.txt
propcache==0.5.2
    # via
    #   aiohttp
    #   yarl
protobuf==6.33.6
    # via
    #   dbt-adapters
    #   dbt-common
    #   dbt-core
    #   dbt-protos
    #   streamlit
psycopg2-binary==2.9.12
    # via
    #   -r requirements.txt
    #   dbt-postgres
pyarrow==24.0.0
    # via streamlit
pyasn1==0.6.4
    # via pyasn1-modules
pyasn1-modules==0.4.2
    # via google-auth
pycparser==3.0
    # via cffi
pydantic==2.13.4
    # via
    #   dbt-core
    #   fastapi
    #   metricflow
pydantic-core==2.46.4
    # via pydantic
pydeck==0.9.3
    # via streamlit
pygments==2.20.0
    # via rich
pyjwt==2.13.0
    # via -r requirements.txt
pypdf==6.15.0
    # via -r requirements.txt
python-dateutil==2.9.0.post0
    # via
    #   dbt-common
    #   metricflow
    #   pandas
python-docx==1.2.0
    # via -r requirements.txt
python-dotenv==1.2.2
    # via
    #   -r requirements.txt
    #   dbt-core
    #   uvicorn
python-multipart==0.0.32
    # via
    #   -r requirements.txt
    #   streamlit
python-slugify==8.0.4
    # via agate
pytimeparse==1.1.8
    # via agate
pytz==2026.3.post1
    # via
    #   dbt-adapters
    #   dbt-core
pyyaml==6.0.3
    # via
    #   dbt-core
    #   huggingface-hub
    #   metricflow
    #   transformers
    #   uvicorn
rapidfuzz==3.14.5
    # via metricflow
referencing==0.37.0
    # via
    #   jsonschema
    #   jsonschema-specifications
    #   metricflow
regex==2026.7.19
    # via transformers
requests==2.34.2
    # via
    #   -r requirements.txt
    #   dbt-common
    #   dbt-core
    #   snowplow-tracker
    #   streamlit
    #   stripe
rich==15.0.0
    # via typer
rpds-py==2026.6.3
    # via
    #   jsonschema
    #   referencing
safetensors==0.8.0
    # via transformers
scikit-learn==1.9.0
    # via
    #   -r requirements.txt
    #   sentence-transformers
scipy==1.18.0
    # via
    #   scikit-learn
    #   sentence-transformers
sentence-transformers==5.7.0
    # via -r requirements.txt
shellingham==1.5.4
    # via typer
six==1.17.0
    # via python-dateutil
slowapi==0.1.10
    # via -r requirements.txt
snowplow-tracker==1.1.0
    # via dbt-core
soupsieve==2.9.2
    # via beautifulsoup4
sqlglot==30.15.0
    # via metricflow
sqlparse==0.5.5
    # via dbt-core
starlette==1.3.1
    # via
    #   fastapi
    #   streamlit
streamlit==1.61.1
    # via -r requirements.txt
stripe==13.2.0
    # via -r requirements.txt
sympy==1.14.0
    # via torch
tabulate==0.10.0
    # via metricflow
tenacity==9.1.4
    # via streamlit
text-unidecode==1.3
    # via python-slugify
threadpoolctl==3.6.0
    # via scikit-learn
tokenizers==0.22.2
    # via
    #   sentence-transformers
    #   transformers
toml==0.10.2
    # via streamlit
torch==2.13.0
    # via sentence-transformers
tqdm==4.70.0
    # via
    #   huggingface-hub
    #   sentence-transformers
    #   transformers
transformers==5.14.1
    # via sentence-transformers
typer==0.27.1
    # via transformers
typing-extensions==4.16.0
    # via
    #   aiohttp
    #   aiosignal
    #   altair
    #   anyio
    #   beautifulsoup4
    #   dbt-adapters
    #   dbt-common
    #   dbt-core
    #   fastapi
    #   huggingface-hub
    #   limits
    #   mashumaro
    #   metricflow
    #   pydantic
    #   pydantic-core
    #   python-docx
    #   referencing
    #   sentence-transformers
    #   snowplow-tracker
    #   starlette
    #   streamlit
    #   stripe
    #   torch
    #   typing-inspection
typing-inspection==0.4.2
    # via
    #   fastapi
    #   pydantic
urllib3==2.7.0
    # via requests
uvicorn==0.52.1
    # via
    #   -r requirements.txt
    #   streamlit
uvloop==0.22.1
    # via uvicorn
watchfiles==1.2.0
    # via uvicorn
websockets==16.1.1
    # via
    #   streamlit
    #   uvicorn
wrapt==2.3.0
    # via deprecated
yarl==1.24.5
    # via aiohttp
zipp==4.1.0
    # via importlib-metadata

# The following packages are considered to be unsafe in a requirements file:
# setuptools
